
Microsoft Visual Studio Solution File, Format Version 12.00
# Visual Studio Version 16
VisualStudioVersion = 16.0.30011.22
MinimumVisualStudioVersion = 10.0.40219.1
Project("{8BC9CEB8-8B4A-11D0-8D11-00A0C91BC942}") = "TravellingSalesman", "TravellingSalesman.vcxproj", "{8B745870-7438-4194-944C-B15077ED1784}"
EndProject
Project("{8BC9CEB8-8B4A-11D0-8D11-00A0C91BC942}") = "GeneticAlgorithm", "GeneticAlgorithm\GeneticAlgorithm.vcxproj", "{92FA798A-C8C0-404C-BD44-BA9D88F3797B}"
EndProject
Project("{8BC9CEB8-8B4A-11D0-8D11-00A0C91BC942}") = "TravellingSalesmanTest", "TravellingSalesmanTest\TravellingSalesmanTest.vcxproj", "{F660D80B-56EA-4C00-ACFD-37E8C7FAABF5}"
EndProject
Global
	GlobalSection(SolutionConfigurationPlatforms) = preSolution
		Debug|x64 = Debug|x64
		Debug|x86 = Debug|x86
		Release|x64 = Release|x64
		Release|x86 = Release|x86
	EndGlobalSection
	GlobalSection(ProjectConfigurationPlatforms) = postSolution
		{8B745870-7438-4194-944C-B15077ED1784}.Debug|x64.ActiveCfg = Debug|x64
		{8B745870-7438-4194-944C-B15077ED1784}.Debug|x64.Build.0 = Debug|x64
		{8B745870-7438-4194-944C-B15077ED1784}.Debug|x86.ActiveCfg = Debug|Win32
		{8B745870-7438-4194-944C-B15077ED1784}.Debug|x86.Build.0 = Debug|Win32
		{8B745870-7438-4194-944C-B15077ED1784}.Release|x64.ActiveCfg = Release|x64
		{8B745870-7438-4194-944C-B15077ED1784}.Release|x64.Build.0 = Release|x64
		{8B745870-7438-4194-944C-B15077ED1784}.Release|x86.ActiveCfg = Release|Win32
		{8B745870-7438-4194-944C-B15077ED1784}.Release|x86.Build.0 = Release|Win32
		{92FA798A-C8C0-404C-BD44-BA9D88F3797B}.Debug|x64.ActiveCfg = Debug|x64
		{92FA798A-C8C0-404C-BD44-BA9D88F3797B}.Debug|x64.Build.0 = Debug|x64
		{92FA798A-C8C0-404C-BD44-BA9D88F3797B}.Debug|x86.ActiveCfg = Debug|Win32
		{92FA798A-C8C0-404C-BD44-BA9D88F3797B}.Debug|x86.Build.0 = Debug|Win32
		{92FA798A-C8C0-404C-BD44-BA9D88F3797B}.Release|x64.ActiveCfg = Release|x64
		{92FA798A-C8C0-404C-BD44-BA9D88F3797B}.Release|x64.Build.0 = Release|x64
		{92FA798A-C8C0-404C-BD44-BA9D88F3797B}.Release|x86.ActiveCfg = Release|Win32
		{92FA798A-C8C0-404C-BD44-BA9D88F3797B}.Release|x86.Build.0 = Release|Win32
		{F660D80B-56EA-4C00-ACFD-37E8C7FAABF5}.Debug|x64.ActiveCfg = Debug|x64
		{F660D80B-56EA-4C00-ACFD-37E8C7FAABF5}.Debug|x64.Build.0 = Debug|x64
		{F660D80B-56EA-4C00-ACFD-37E8C7FAABF5}.Debug|x86.ActiveCfg = Debug|Win32
		{F660D80B-56EA-4C00-ACFD-37E8C7FAABF5}.Debug|x86.Build.0 = Debug|Win32
		{F660D80B-56EA-4C00-ACFD-37E8C7FAABF5}.Release|x64.ActiveCfg = Release|x64
		{F660D80B-56EA-4C00-ACFD-37E8C7FAABF5}.Release|x64.Build.0 = Release|x64
		{F660D80B-56EA-4C00-ACFD-37E8C7FAABF5}.Release|x86.ActiveCfg = Release|Win32
		{F660D80B-56EA-4C00-ACFD-37E8C7FAABF5}.Release|x86.Build.0 = Release|Win32
	EndGlobalSection
	GlobalSection(SolutionProperties) = preSolution
		HideSolutionNode = FALSE
	EndGlobalSection
	GlobalSection(ExtensibilityGlobals) = postSolution
		SolutionGuid = {767E5FD6-6DA1-4490-B8C5-E4B9CD993B69}
	EndGlobalSection
EndGlobal
